
Microsoft Visual Studio Solution File, Format Version 12.00
# Visual Studio 15
VisualStudioVersion = 15.0.26510.0
MinimumVisualStudioVersion = 10.0.40219.1
Project("{00D1A9C2-B5F0-4AF3-8072-F6C62B433612}") = "SafeBeachesDb", "SafeBeachesDb\SafeBeachesDb.sqlproj", "{E64B628F-4A9E-4BE5-A130-9CC7EC8F61EC}"
EndProject
Project("{9A19103F-16F7-4668-BE54-9A1E7A4F7556}") = "BeachesFunctionApp", "BeachesFunctionApp\BeachesFunctionApp.csproj", "{09603D58-9EFE-488D-A249-1DD1A9A47DE6}"
EndProject
Project("{2150E333-8FDC-42A3-9474-1A3956D46DE8}") = "Solution Items", "Solution Items", "{509CD5D6-3B8D-4B42-BDEF-72C315C5E1C0}"
	ProjectSection(SolutionItems) = preProject
		.gitattributes = .gitattributes
		.gitignore = .gitignore
	EndProjectSection
EndProject
Global
	GlobalSection(SolutionConfigurationPlatforms) = preSolution
		Debug|Any CPU = Debug|Any CPU
		Release|Any CPU = Release|Any CPU
	EndGlobalSection
	GlobalSection(ProjectConfigurationPlatforms) = postSolution
		{E64B628F-4A9E-4BE5-A130-9CC7EC8F61EC}.Debug|Any CPU.ActiveCfg = Debug|Any CPU
		{E64B628F-4A9E-4BE5-A130-9CC7EC8F61EC}.Debug|Any CPU.Build.0 = Debug|Any CPU
		{E64B628F-4A9E-4BE5-A130-9CC7EC8F61EC}.Debug|Any CPU.Deploy.0 = Debug|Any CPU
		{E64B628F-4A9E-4BE5-A130-9CC7EC8F61EC}.Release|Any CPU.ActiveCfg = Release|Any CPU
		{E64B628F-4A9E-4BE5-A130-9CC7EC8F61EC}.Release|Any CPU.Build.0 = Release|Any CPU
		{E64B628F-4A9E-4BE5-A130-9CC7EC8F61EC}.Release|Any CPU.Deploy.0 = Release|Any CPU
		{09603D58-9EFE-488D-A249-1DD1A9A47DE6}.Debug|Any CPU.ActiveCfg = Debug|Any CPU
		{09603D58-9EFE-488D-A249-1DD1A9A47DE6}.Debug|Any CPU.Build.0 = Debug|Any CPU
		{09603D58-9EFE-488D-A249-1DD1A9A47DE6}.Release|Any CPU.ActiveCfg = Release|Any CPU
		{09603D58-9EFE-488D-A249-1DD1A9A47DE6}.Release|Any CPU.Build.0 = Release|Any CPU
	EndGlobalSection
	GlobalSection(SolutionProperties) = preSolution
		HideSolutionNode = FALSE
	EndGlobalSection
EndGlobal
